Microsoft Visual Studio Solution File, Format Version 12.00
# Visual Studio Version 17
VisualStudioVersion = 17.1.31911.260
MinimumVisualStudioVersion = 10.0.40219.1
Project("{9A19103F-16F7-4668-BE54-9A1E7A4F7556}") = "Library", "Library\Library.csproj", "{13F722B6-DF6B-45E7-A563-9379C05BBE7D}"
EndProject
Project("{2150E333-8FDC-42A3-9474-1A3956D46DE8}") = "Solution Items", "Solution Items", "{317ADC97-8BF1-49D5-880F-07818908FCE3}"
	ProjectSection(SolutionItems) = preProject
		Directory.Build.props = Directory.Build.props
		Dockerfile = Dockerfile
		HoroscopeAnalysisTips.txt = HoroscopeAnalysisTips.txt
		LICENSE.md = LICENSE.md
		Reference\planet-names-symbol.png = Reference\planet-names-symbol.png
		Reference\rasis-and-extent.png = Reference\rasis-and-extent.png
		README.md = README.md
		NotCode\PublicLedger\README.md = NotCode\PublicLedger\README.md
		VedAstroAPIDemo.html = VedAstroAPIDemo.html
		version.json = version.json
		Reference\zodiac-sign-name-symbol.png = Reference\zodiac-sign-name-symbol.png
	EndProjectSection
EndProject
Project("{9A19103F-16F7-4668-BE54-9A1E7A4F7556}") = "Website", "Website\Website.csproj", "{E2BF92A7-D6E5-4D1E-940B-4040707C51DE}"
EndProject
Project("{9A19103F-16F7-4668-BE54-9A1E7A4F7556}") = "API", "API\API.csproj", "{4B39926B-9DDC-4B45-9737-9DAA5FA88A09}"
EndProject
Project("{9A19103F-16F7-4668-BE54-9A1E7A4F7556}") = "Library.API", "Library.API\Library.API.csproj", "{BBC2261A-BB33-4C9D-B920-843348B2FBBC}"
EndProject
Project("{9A19103F-16F7-4668-BE54-9A1E7A4F7556}") = "LibraryTests", "LibraryTests\LibraryTests.csproj", "{DF38B69E-D142-4036-936B-AA0346B73E46}"
EndProject
Project("{9A19103F-16F7-4668-BE54-9A1E7A4F7556}") = "Console", "Console\Console.csproj", "{FFBB6E89-AA1B-479D-8A39-19CED6C1036A}"
	ProjectSection(ProjectDependencies) = postProject
		{13F722B6-DF6B-45E7-A563-9379C05BBE7D} = {13F722B6-DF6B-45E7-A563-9379C05BBE7D}
		{BBC2261A-BB33-4C9D-B920-843348B2FBBC} = {BBC2261A-BB33-4C9D-B920-843348B2FBBC}
	EndProjectSection
EndProject
Project("{2150E333-8FDC-42A3-9474-1A3956D46DE8}") = "Books", "Books", "{782C27F6-676B-4593-A79F-4D8BC0F1D576}"
	ProjectSection(SolutionItems) = preProject
		NotCode\Books\A Manual of Hindu Astrology (1935).pdf = NotCode\Books\A Manual of Hindu Astrology (1935).pdf
		NotCode\Books\Ashtakvarga System of Prediction.pdf = NotCode\Books\Ashtakvarga System of Prediction.pdf
		NotCode\Books\Astrology For Beginners (1992).pdf = NotCode\Books\Astrology For Beginners (1992).pdf
		NotCode\Books\Astrology in Predicting Weather and Earthquakes.pdf = NotCode\Books\Astrology in Predicting Weather and Earthquakes.pdf
		NotCode\Books\Bhava And Graha Balas.pdf = NotCode\Books\Bhava And Graha Balas.pdf
		NotCode\Books\Bhavartha Ratnakara (1947).pdf = NotCode\Books\Bhavartha Ratnakara (1947).pdf
		NotCode\Books\BrihatParasharaHoraSastra.pdf = NotCode\Books\BrihatParasharaHoraSastra.pdf
		NotCode\Books\Hindu Predictive Astrology.pdf = NotCode\Books\Hindu Predictive Astrology.pdf
		NotCode\Books\How to Judge Horoscope - Vol1.pdf = NotCode\Books\How to Judge Horoscope - Vol1.pdf
		NotCode\Books\How to Judge Horoscope - Vol2.pdf = NotCode\Books\How to Judge Horoscope - Vol2.pdf
		NotCode\Books\Maharshi Parasara - Brihat Parasara Hora Sastra. 2-Ranjan Publications (1984) (1).pdf = NotCode\Books\Maharshi Parasara - Brihat Parasara Hora Sastra. 2-Ranjan Publications (1984) (1).pdf
		NotCode\Books\Mars in Astrology.pdf = NotCode\Books\Mars in Astrology.pdf
		NotCode\Books\MUHURTHA.pdf = NotCode\Books\MUHURTHA.pdf
		NotCode\Books\My Experiences in Astrology.pdf = NotCode\Books\My Experiences in Astrology.pdf
		NotCode\Books\Notable Horoscopes (1998).pdf = NotCode\Books\Notable Horoscopes (1998).pdf
		NotCode\Books\Planetary Influences on Human Affairs.pdf = NotCode\Books\Planetary Influences on Human Affairs.pdf
		NotCode\Books\Prasna Marga Pt1.pdf = NotCode\Books\Prasna Marga Pt1.pdf
		NotCode\Books\Prasna Marga Pt2.pdf = NotCode\Books\Prasna Marga Pt2.pdf
		NotCode\Books\README.MD = NotCode\Books\README.MD
		NotCode\Books\Three Hundred Important Combinations.pdf = NotCode\Books\Three Hundred Important Combinations.pdf
		NotCode\Books\Varshaphala - Hindu Progressed Horoscope.pdf = NotCode\Books\Varshaphala - Hindu Progressed Horoscope.pdf
	EndProjectSection
EndProject
Global
	GlobalSection(SolutionConfigurationPlatforms) = preSolution
		Debug|Any CPU = Debug|Any CPU
		Release|Any CPU = Release|Any CPU
		ReleaseTest|Any CPU = ReleaseTest|Any CPU
	EndGlobalSection
	GlobalSection(ProjectConfigurationPlatforms) = postSolution
		{13F722B6-DF6B-45E7-A563-9379C05BBE7D}.Debug|Any CPU.ActiveCfg = Debug|Any CPU
		{13F722B6-DF6B-45E7-A563-9379C05BBE7D}.Debug|Any CPU.Build.0 = Debug|Any CPU
		{13F722B6-DF6B-45E7-A563-9379C05BBE7D}.Release|Any CPU.ActiveCfg = Release|Any CPU
		{13F722B6-DF6B-45E7-A563-9379C05BBE7D}.Release|Any CPU.Build.0 = Release|Any CPU
		{13F722B6-DF6B-45E7-A563-9379C05BBE7D}.ReleaseTest|Any CPU.ActiveCfg = Release|Any CPU
		{13F722B6-DF6B-45E7-A563-9379C05BBE7D}.ReleaseTest|Any CPU.Build.0 = Release|Any CPU
		{E2BF92A7-D6E5-4D1E-940B-4040707C51DE}.Debug|Any CPU.ActiveCfg = Debug|Any CPU
		{E2BF92A7-D6E5-4D1E-940B-4040707C51DE}.Debug|Any CPU.Build.0 = Debug|Any CPU
		{E2BF92A7-D6E5-4D1E-940B-4040707C51DE}.Release|Any CPU.ActiveCfg = Release|Any CPU
		{E2BF92A7-D6E5-4D1E-940B-4040707C51DE}.Release|Any CPU.Build.0 = Release|Any CPU
		{E2BF92A7-D6E5-4D1E-940B-4040707C51DE}.ReleaseTest|Any CPU.ActiveCfg = Release|Any CPU
		{E2BF92A7-D6E5-4D1E-940B-4040707C51DE}.ReleaseTest|Any CPU.Build.0 = Release|Any CPU
		{4B39926B-9DDC-4B45-9737-9DAA5FA88A09}.Debug|Any CPU.ActiveCfg = Debug|Any CPU
		{4B39926B-9DDC-4B45-9737-9DAA5FA88A09}.Debug|Any CPU.Build.0 = Debug|Any CPU
		{4B39926B-9DDC-4B45-9737-9DAA5FA88A09}.Release|Any CPU.ActiveCfg = Release|Any CPU
		{4B39926B-9DDC-4B45-9737-9DAA5FA88A09}.Release|Any CPU.Build.0 = Release|Any CPU
		{4B39926B-9DDC-4B45-9737-9DAA5FA88A09}.ReleaseTest|Any CPU.ActiveCfg = Release|Any CPU
		{4B39926B-9DDC-4B45-9737-9DAA5FA88A09}.ReleaseTest|Any CPU.Build.0 = Release|Any CPU
		{BBC2261A-BB33-4C9D-B920-843348B2FBBC}.Debug|Any CPU.ActiveCfg = Debug|Any CPU
		{BBC2261A-BB33-4C9D-B920-843348B2FBBC}.Debug|Any CPU.Build.0 = Debug|Any CPU
		{BBC2261A-BB33-4C9D-B920-843348B2FBBC}.Release|Any CPU.ActiveCfg = Release|Any CPU
		{BBC2261A-BB33-4C9D-B920-843348B2FBBC}.Release|Any CPU.Build.0 = Release|Any CPU
		{BBC2261A-BB33-4C9D-B920-843348B2FBBC}.ReleaseTest|Any CPU.ActiveCfg = Release|Any CPU
		{BBC2261A-BB33-4C9D-B920-843348B2FBBC}.ReleaseTest|Any CPU.Build.0 = Release|Any CPU
		{DF38B69E-D142-4036-936B-AA0346B73E46}.Debug|Any CPU.ActiveCfg = Debug|Any CPU
		{DF38B69E-D142-4036-936B-AA0346B73E46}.Debug|Any CPU.Build.0 = Debug|Any CPU
		{DF38B69E-D142-4036-936B-AA0346B73E46}.Release|Any CPU.ActiveCfg = Release|Any CPU
		{DF38B69E-D142-4036-936B-AA0346B73E46}.Release|Any CPU.Build.0 = Release|Any CPU
		{DF38B69E-D142-4036-936B-AA0346B73E46}.ReleaseTest|Any CPU.ActiveCfg = Release|Any CPU
		{DF38B69E-D142-4036-936B-AA0346B73E46}.ReleaseTest|Any CPU.Build.0 = Release|Any CPU
		{FFBB6E89-AA1B-479D-8A39-19CED6C1036A}.Debug|Any CPU.ActiveCfg = Debug|Any CPU
		{FFBB6E89-AA1B-479D-8A39-19CED6C1036A}.Debug|Any CPU.Build.0 = Debug|Any CPU
		{FFBB6E89-AA1B-479D-8A39-19CED6C1036A}.Release|Any CPU.ActiveCfg = Release|Any CPU
		{FFBB6E89-AA1B-479D-8A39-19CED6C1036A}.Release|Any CPU.Build.0 = Release|Any CPU
		{FFBB6E89-AA1B-479D-8A39-19CED6C1036A}.ReleaseTest|Any CPU.ActiveCfg = Release|Any CPU
		{FFBB6E89-AA1B-479D-8A39-19CED6C1036A}.ReleaseTest|Any CPU.Build.0 = Release|Any CPU
	EndGlobalSection
	GlobalSection(SolutionProperties) = preSolution
		HideSolutionNode = FALSE
	EndGlobalSection
	GlobalSection(NestedProjects) = preSolution
		{782C27F6-676B-4593-A79F-4D8BC0F1D576} = {317ADC97-8BF1-49D5-880F-07818908FCE3}
	EndGlobalSection
	GlobalSection(ExtensibilityGlobals) = postSolution
		SolutionGuid = {F2FBEEBB-2243-4CB6-BD2C-2C91584B2662}
	EndGlobalSection
EndGlobal
