
Microsoft Visual Studio Solution File, Format Version 12.00
# Visual Studio Version 17
VisualStudioVersion = 17.1.31911.260
MinimumVisualStudioVersion = 10.0.40219.1
Project("{9A19103F-16F7-4668-BE54-9A1E7A4F7556}") = "Library", "Library\Library.csproj", "{13F722B6-DF6B-45E7-A563-9379C05BBE7D}"
EndProject
Project("{9A19103F-16F7-4668-BE54-9A1E7A4F7556}") = "Muhurtha.Core", "Muhurtha.Core\Muhurtha.Core.csproj", "{43930B3B-E9FF-4C07-A507-E951983B49BD}"
EndProject
Project("{9A19103F-16F7-4668-BE54-9A1E7A4F7556}") = "Muhurtha.Desktop", "Muhurtha.Desktop\Muhurtha.Desktop.csproj", "{85EF1416-CDE9-4C0E-BBE7-2E1806B05E2B}"
EndProject
Project("{9A19103F-16F7-4668-BE54-9A1E7A4F7556}") = "Horoscope.Desktop", "Horoscope.Desktop\Horoscope.Desktop.csproj", "{21DC7E64-46F6-4902-8FA0-1F758BF69CA8}"
EndProject
Project("{9A19103F-16F7-4668-BE54-9A1E7A4F7556}") = "LibraryTests", "LibraryTests\LibraryTests.csproj", "{979EDF0E-9B11-4100-A37A-13A9E0924555}"
EndProject
Project("{9A19103F-16F7-4668-BE54-9A1E7A4F7556}") = "Framework", "Framework\Framework.csproj", "{B27D2CCB-49F7-4D8E-8743-60563BF1DB52}"
EndProject
Project("{2150E333-8FDC-42A3-9474-1A3956D46DE8}") = "Solution Items", "Solution Items", "{317ADC97-8BF1-49D5-880F-07818908FCE3}"
	ProjectSection(SolutionItems) = preProject
		Books\B.V.Raman - How to Judge Horoscope - Vol1.pdf = Books\B.V.Raman - How to Judge Horoscope - Vol1.pdf
		Books\B.V.Raman - How to Judge Horoscope - Vol2.pdf = Books\B.V.Raman - How to Judge Horoscope - Vol2.pdf
		Books\Hindu Predictive Astrology - BV Raman.pdf = Books\Hindu Predictive Astrology - BV Raman.pdf
		HowToGuide.txt = HowToGuide.txt
		Books\MUHURTHA.pdf = Books\MUHURTHA.pdf
	EndProjectSection
EndProject
Project("{9A19103F-16F7-4668-BE54-9A1E7A4F7556}") = "Compatibility", "Compatibility\Compatibility.csproj", "{EE6B3578-639B-4EE5-BC02-B9B226D8E17F}"
EndProject
Project("{9A19103F-16F7-4668-BE54-9A1E7A4F7556}") = "WebAPI", "WebAPI\WebAPI.csproj", "{EB481E4F-028A-4AD6-8321-36AE89BC029B}"
EndProject
Project("{9A19103F-16F7-4668-BE54-9A1E7A4F7556}") = "Client", "Client\Client.csproj", "{13732ADE-1045-49D5-BE8F-51F5C8BEE730}"
EndProject
Global
	GlobalSection(SolutionConfigurationPlatforms) = preSolution
		Debug|Any CPU = Debug|Any CPU
		Release|Any CPU = Release|Any CPU
	EndGlobalSection
	GlobalSection(ProjectConfigurationPlatforms) = postSolution
		{13F722B6-DF6B-45E7-A563-9379C05BBE7D}.Debug|Any CPU.ActiveCfg = Debug|Any CPU
		{13F722B6-DF6B-45E7-A563-9379C05BBE7D}.Debug|Any CPU.Build.0 = Debug|Any CPU
		{13F722B6-DF6B-45E7-A563-9379C05BBE7D}.Release|Any CPU.ActiveCfg = Release|Any CPU
		{13F722B6-DF6B-45E7-A563-9379C05BBE7D}.Release|Any CPU.Build.0 = Release|Any CPU
		{43930B3B-E9FF-4C07-A507-E951983B49BD}.Debug|Any CPU.ActiveCfg = Debug|Any CPU
		{43930B3B-E9FF-4C07-A507-E951983B49BD}.Debug|Any CPU.Build.0 = Debug|Any CPU
		{43930B3B-E9FF-4C07-A507-E951983B49BD}.Release|Any CPU.ActiveCfg = Release|Any CPU
		{43930B3B-E9FF-4C07-A507-E951983B49BD}.Release|Any CPU.Build.0 = Release|Any CPU
		{85EF1416-CDE9-4C0E-BBE7-2E1806B05E2B}.Debug|Any CPU.ActiveCfg = Debug|Any CPU
		{85EF1416-CDE9-4C0E-BBE7-2E1806B05E2B}.Debug|Any CPU.Build.0 = Debug|Any CPU
		{85EF1416-CDE9-4C0E-BBE7-2E1806B05E2B}.Release|Any CPU.ActiveCfg = Release|Any CPU
		{85EF1416-CDE9-4C0E-BBE7-2E1806B05E2B}.Release|Any CPU.Build.0 = Release|Any CPU
		{21DC7E64-46F6-4902-8FA0-1F758BF69CA8}.Debug|Any CPU.ActiveCfg = Debug|Any CPU
		{21DC7E64-46F6-4902-8FA0-1F758BF69CA8}.Debug|Any CPU.Build.0 = Debug|Any CPU
		{21DC7E64-46F6-4902-8FA0-1F758BF69CA8}.Release|Any CPU.ActiveCfg = Release|Any CPU
		{21DC7E64-46F6-4902-8FA0-1F758BF69CA8}.Release|Any CPU.Build.0 = Release|Any CPU
		{979EDF0E-9B11-4100-A37A-13A9E0924555}.Debug|Any CPU.ActiveCfg = Debug|Any CPU
		{979EDF0E-9B11-4100-A37A-13A9E0924555}.Debug|Any CPU.Build.0 = Debug|Any CPU
		{979EDF0E-9B11-4100-A37A-13A9E0924555}.Release|Any CPU.ActiveCfg = Release|Any CPU
		{979EDF0E-9B11-4100-A37A-13A9E0924555}.Release|Any CPU.Build.0 = Release|Any CPU
		{B27D2CCB-49F7-4D8E-8743-60563BF1DB52}.Debug|Any CPU.ActiveCfg = Debug|Any CPU
		{B27D2CCB-49F7-4D8E-8743-60563BF1DB52}.Debug|Any CPU.Build.0 = Debug|Any CPU
		{B27D2CCB-49F7-4D8E-8743-60563BF1DB52}.Release|Any CPU.ActiveCfg = Release|Any CPU
		{B27D2CCB-49F7-4D8E-8743-60563BF1DB52}.Release|Any CPU.Build.0 = Release|Any CPU
		{EE6B3578-639B-4EE5-BC02-B9B226D8E17F}.Debug|Any CPU.ActiveCfg = Debug|Any CPU
		{EE6B3578-639B-4EE5-BC02-B9B226D8E17F}.Debug|Any CPU.Build.0 = Debug|Any CPU
		{EE6B3578-639B-4EE5-BC02-B9B226D8E17F}.Release|Any CPU.ActiveCfg = Release|Any CPU
		{EE6B3578-639B-4EE5-BC02-B9B226D8E17F}.Release|Any CPU.Build.0 = Release|Any CPU
		{EB481E4F-028A-4AD6-8321-36AE89BC029B}.Debug|Any CPU.ActiveCfg = Debug|Any CPU
		{EB481E4F-028A-4AD6-8321-36AE89BC029B}.Debug|Any CPU.Build.0 = Debug|Any CPU
		{EB481E4F-028A-4AD6-8321-36AE89BC029B}.Release|Any CPU.ActiveCfg = Release|Any CPU
		{EB481E4F-028A-4AD6-8321-36AE89BC029B}.Release|Any CPU.Build.0 = Release|Any CPU
		{13732ADE-1045-49D5-BE8F-51F5C8BEE730}.Debug|Any CPU.ActiveCfg = Debug|Any CPU
		{13732ADE-1045-49D5-BE8F-51F5C8BEE730}.Debug|Any CPU.Build.0 = Debug|Any CPU
		{13732ADE-1045-49D5-BE8F-51F5C8BEE730}.Release|Any CPU.ActiveCfg = Release|Any CPU
		{13732ADE-1045-49D5-BE8F-51F5C8BEE730}.Release|Any CPU.Build.0 = Release|Any CPU
	EndGlobalSection
	GlobalSection(SolutionProperties) = preSolution
		HideSolutionNode = FALSE
	EndGlobalSection
	GlobalSection(ExtensibilityGlobals) = postSolution
		SolutionGuid = {F2FBEEBB-2243-4CB6-BD2C-2C91584B2662}
	EndGlobalSection
EndGlobal
