Microsoft Visual Studio Solution File, Format Version 12.00
# Visual Studio Version 17
VisualStudioVersion = 17.1.31911.260
MinimumVisualStudioVersion = 10.0.40219.1
Project("{9A19103F-16F7-4668-BE54-9A1E7A4F7556}") = "Library", "Library\Library.csproj", "{13F722B6-DF6B-45E7-A563-9379C05BBE7D}"
EndProject
Project("{2150E333-8FDC-42A3-9474-1A3956D46DE8}") = "Solution Items", "Solution Items", "{317ADC97-8BF1-49D5-880F-07818908FCE3}"
	ProjectSection(SolutionItems) = preProject
		Books\A Manual of Hindu Astrology (1935).pdf = Books\A Manual of Hindu Astrology (1935).pdf
		Books\Astrology For Beginners (1992).pdf = Books\Astrology For Beginners (1992).pdf
		Books\Bhava And Graha Balas.pdf = Books\Bhava And Graha Balas.pdf
		Books\Bhavartha Ratnakara (1947).pdf = Books\Bhavartha Ratnakara (1947).pdf
		GithubImages\header-logo.png = GithubImages\header-logo.png
		Books\Hindu Predictive Astrology.pdf = Books\Hindu Predictive Astrology.pdf
		Books\How to Judge Horoscope - Vol1.pdf = Books\How to Judge Horoscope - Vol1.pdf
		Books\How to Judge Horoscope - Vol2.pdf = Books\How to Judge Horoscope - Vol2.pdf
		LICENSE.md = LICENSE.md
		Books\Muhurtha.pdf = Books\Muhurtha.pdf
		Books\My Experiences in Astrology.pdf = Books\My Experiences in Astrology.pdf
		Books\Notable Horoscopes (1998).pdf = Books\Notable Horoscopes (1998).pdf
		Books\Planetary Influences on Human Affairs.pdf = Books\Planetary Influences on Human Affairs.pdf
		Books\Prasna Marga Pt1.pdf = Books\Prasna Marga Pt1.pdf
		Books\Prasna Marga Pt2.pdf = Books\Prasna Marga Pt2.pdf
		README.md = README.md
		Books\Three Hundred Important Combinations.pdf = Books\Three Hundred Important Combinations.pdf
	EndProjectSection
EndProject
Project("{9A19103F-16F7-4668-BE54-9A1E7A4F7556}") = "Website", "Website\Website.csproj", "{E2BF92A7-D6E5-4D1E-940B-4040707C51DE}"
EndProject
Project("{9A19103F-16F7-4668-BE54-9A1E7A4F7556}") = "API", "API\API.csproj", "{4B39926B-9DDC-4B45-9737-9DAA5FA88A09}"
EndProject
Project("{9A19103F-16F7-4668-BE54-9A1E7A4F7556}") = "Tests", "Tests\Tests.csproj", "{6FFD46C0-6E1E-4D0B-9F96-152DD9C56790}"
EndProject
Project("{9A19103F-16F7-4668-BE54-9A1E7A4F7556}") = "Publisher", "Publisher\Publisher.csproj", "{D99A55BA-9DEE-498C-A2F2-E6ACA44CDC4F}"
EndProject
Project("{9A19103F-16F7-4668-BE54-9A1E7A4F7556}") = "APITests", "APITests\APITests.csproj", "{43D348CE-03D8-4530-8828-0CAE1884E279}"
EndProject
Global
	GlobalSection(SolutionConfigurationPlatforms) = preSolution
		Debug|Any CPU = Debug|Any CPU
		Release|Any CPU = Release|Any CPU
		ReleaseTest|Any CPU = ReleaseTest|Any CPU
	EndGlobalSection
	GlobalSection(ProjectConfigurationPlatforms) = postSolution
		{13F722B6-DF6B-45E7-A563-9379C05BBE7D}.Debug|Any CPU.ActiveCfg = Debug|Any CPU
		{13F722B6-DF6B-45E7-A563-9379C05BBE7D}.Debug|Any CPU.Build.0 = Debug|Any CPU
		{13F722B6-DF6B-45E7-A563-9379C05BBE7D}.Release|Any CPU.ActiveCfg = Release|Any CPU
		{13F722B6-DF6B-45E7-A563-9379C05BBE7D}.Release|Any CPU.Build.0 = Release|Any CPU
		{13F722B6-DF6B-45E7-A563-9379C05BBE7D}.ReleaseTest|Any CPU.ActiveCfg = Release|Any CPU
		{13F722B6-DF6B-45E7-A563-9379C05BBE7D}.ReleaseTest|Any CPU.Build.0 = Release|Any CPU
		{E2BF92A7-D6E5-4D1E-940B-4040707C51DE}.Debug|Any CPU.ActiveCfg = Debug|Any CPU
		{E2BF92A7-D6E5-4D1E-940B-4040707C51DE}.Debug|Any CPU.Build.0 = Debug|Any CPU
		{E2BF92A7-D6E5-4D1E-940B-4040707C51DE}.Release|Any CPU.ActiveCfg = Release|Any CPU
		{E2BF92A7-D6E5-4D1E-940B-4040707C51DE}.Release|Any CPU.Build.0 = Release|Any CPU
		{E2BF92A7-D6E5-4D1E-940B-4040707C51DE}.ReleaseTest|Any CPU.ActiveCfg = Release|Any CPU
		{E2BF92A7-D6E5-4D1E-940B-4040707C51DE}.ReleaseTest|Any CPU.Build.0 = Release|Any CPU
		{4B39926B-9DDC-4B45-9737-9DAA5FA88A09}.Debug|Any CPU.ActiveCfg = Debug|Any CPU
		{4B39926B-9DDC-4B45-9737-9DAA5FA88A09}.Debug|Any CPU.Build.0 = Debug|Any CPU
		{4B39926B-9DDC-4B45-9737-9DAA5FA88A09}.Release|Any CPU.ActiveCfg = Release|Any CPU
		{4B39926B-9DDC-4B45-9737-9DAA5FA88A09}.Release|Any CPU.Build.0 = Release|Any CPU
		{4B39926B-9DDC-4B45-9737-9DAA5FA88A09}.ReleaseTest|Any CPU.ActiveCfg = Release|Any CPU
		{4B39926B-9DDC-4B45-9737-9DAA5FA88A09}.ReleaseTest|Any CPU.Build.0 = Release|Any CPU
		{6FFD46C0-6E1E-4D0B-9F96-152DD9C56790}.Debug|Any CPU.ActiveCfg = Debug|Any CPU
		{6FFD46C0-6E1E-4D0B-9F96-152DD9C56790}.Debug|Any CPU.Build.0 = Debug|Any CPU
		{6FFD46C0-6E1E-4D0B-9F96-152DD9C56790}.Release|Any CPU.ActiveCfg = Release|Any CPU
		{6FFD46C0-6E1E-4D0B-9F96-152DD9C56790}.Release|Any CPU.Build.0 = Release|Any CPU
		{6FFD46C0-6E1E-4D0B-9F96-152DD9C56790}.ReleaseTest|Any CPU.ActiveCfg = Release|Any CPU
		{6FFD46C0-6E1E-4D0B-9F96-152DD9C56790}.ReleaseTest|Any CPU.Build.0 = Release|Any CPU
		{D99A55BA-9DEE-498C-A2F2-E6ACA44CDC4F}.Debug|Any CPU.ActiveCfg = Debug|Any CPU
		{D99A55BA-9DEE-498C-A2F2-E6ACA44CDC4F}.Debug|Any CPU.Build.0 = Debug|Any CPU
		{D99A55BA-9DEE-498C-A2F2-E6ACA44CDC4F}.Release|Any CPU.ActiveCfg = Release|Any CPU
		{D99A55BA-9DEE-498C-A2F2-E6ACA44CDC4F}.Release|Any CPU.Build.0 = Release|Any CPU
		{D99A55BA-9DEE-498C-A2F2-E6ACA44CDC4F}.ReleaseTest|Any CPU.ActiveCfg = Release|Any CPU
		{D99A55BA-9DEE-498C-A2F2-E6ACA44CDC4F}.ReleaseTest|Any CPU.Build.0 = Release|Any CPU
		{43D348CE-03D8-4530-8828-0CAE1884E279}.Debug|Any CPU.ActiveCfg = Debug|Any CPU
		{43D348CE-03D8-4530-8828-0CAE1884E279}.Debug|Any CPU.Build.0 = Debug|Any CPU
		{43D348CE-03D8-4530-8828-0CAE1884E279}.Release|Any CPU.ActiveCfg = Release|Any CPU
		{43D348CE-03D8-4530-8828-0CAE1884E279}.Release|Any CPU.Build.0 = Release|Any CPU
		{43D348CE-03D8-4530-8828-0CAE1884E279}.ReleaseTest|Any CPU.ActiveCfg = Release|Any CPU
		{43D348CE-03D8-4530-8828-0CAE1884E279}.ReleaseTest|Any CPU.Build.0 = Release|Any CPU
	EndGlobalSection
	GlobalSection(SolutionProperties) = preSolution
		HideSolutionNode = FALSE
	EndGlobalSection
	GlobalSection(ExtensibilityGlobals) = postSolution
		SolutionGuid = {F2FBEEBB-2243-4CB6-BD2C-2C91584B2662}
	EndGlobalSection
EndGlobal
