
Microsoft Visual Studio Solution File, Format Version 12.00
# Visual Studio Version 17
VisualStudioVersion = 17.5.002.0
MinimumVisualStudioVersion = 10.0.40219.1
Project("{9A19103F-16F7-4668-BE54-9A1E7A4F7556}") = "Website_Mobile", "Website_Mobile.csproj", "{DABE6FF4-8372-49B7-9BD4-16B0AD9ED5F1}"
EndProject
Global
	GlobalSection(SolutionConfigurationPlatforms) = preSolution
		Debug|Any CPU = Debug|Any CPU
		Release|Any CPU = Release|Any CPU
	EndGlobalSection
	GlobalSection(ProjectConfigurationPlatforms) = postSolution
		{DABE6FF4-8372-49B7-9BD4-16B0AD9ED5F1}.Debug|Any CPU.ActiveCfg = Debug|Any CPU
		{DABE6FF4-8372-49B7-9BD4-16B0AD9ED5F1}.Debug|Any CPU.Build.0 = Debug|Any CPU
		{DABE6FF4-8372-49B7-9BD4-16B0AD9ED5F1}.Release|Any CPU.ActiveCfg = Release|Any CPU
		{DABE6FF4-8372-49B7-9BD4-16B0AD9ED5F1}.Release|Any CPU.Build.0 = Release|Any CPU
	EndGlobalSection
	GlobalSection(SolutionProperties) = preSolution
		HideSolutionNode = FALSE
	EndGlobalSection
	GlobalSection(ExtensibilityGlobals) = postSolution
		SolutionGuid = {5B271F33-DF2E-4FB3-AD93-15857DD617C5}
	EndGlobalSection
EndGlobal
